// !$*UTF8*$!
{
	archiveVersion = 1;
	classes = {
	};
	objectVersion = 50;
	objects = {

/* Begin PBXBuildFile section */
		8740D060239793CB00EAE7F3 /* AccountController.swift in Sources */ = {isa = PBXBuildFile; fileRef = 8740D05F239793CB00EAE7F3 /* AccountController.swift */; };
		87742F5C23962C0000AB62F8 /* Account.swift in Sources */ = {isa = PBXBuildFile; fileRef = 87742F5B23962C0000AB62F8 /* Account.swift */; };
		87742F5E23962D7F00AB62F8 /* ShowAccountViewController.swift in Sources */ = {isa = PBXBuildFile; fileRef = 87742F5D23962D7F00AB62F8 /* ShowAccountViewController.swift */; };
		87EC8F03239615740010F653 /* AppDelegate.swift in Sources */ = {isa = PBXBuildFile; fileRef = 87EC8F02239615740010F653 /* AppDelegate.swift */; };
		87EC8F05239615740010F653 /* SceneDelegate.swift in Sources */ = {isa = PBXBuildFile; fileRef = 87EC8F04239615740010F653 /* SceneDelegate.swift */; };
		87EC8F07239615740010F653 /* ViewController.swift in Sources */ = {isa = PBXBuildFile; fileRef = 87EC8F06239615740010F653 /* ViewController.swift */; };
		87EC8F0A239615740010F653 /* Main.storyboard in Resources */ = {isa = PBXBuildFile; fileRef = 87EC8F08239615740010F653 /* Main.storyboard */; };
		87EC8F0D239615740010F653 /* Revision1.xcdatamodeld in Sources */ = {isa = PBXBuildFile; fileRef = 87EC8F0B239615740010F653 /* Revision1.xcdatamodeld */; };
		87EC8F0F239615740010F653 /* Assets.xcassets in Resources */ = {isa = PBXBuildFile; fileRef = 87EC8F0E239615740010F653 /* Assets.xcassets */; };
		87EC8F12239615740010F653 /* LaunchScreen.storyboard in Resources */ = {isa = PBXBuildFile; fileRef = 87EC8F10239615740010F653 /* LaunchScreen.storyboard */; };
		87EC8F1A239616A40010F653 /* Content.storyboard in Resources */ = {isa = PBXBuildFile; fileRef = 87EC8F19239616A40010F653 /* Content.storyboard */; };
/* End PBXBuildFile section */

/* Begin PBXFileReference section */
		8740D05F239793CB00EAE7F3 /* AccountController.swift */ = {isa = PBXFileReference; lastKnownFileType = sourcecode.swift; path = AccountController.swift; sourceTree = "<group>"; };
		87742F5B23962C0000AB62F8 /* Account.swift */ = {isa = PBXFileReference; lastKnownFileType = sourcecode.swift; path = Account.swift; sourceTree = "<group>"; };
		87742F5D23962D7F00AB62F8 /* ShowAccountViewController.swift */ = {isa = PBXFileReference; lastKnownFileType = sourcecode.swift; path = ShowAccountViewController.swift; sourceTree = "<group>"; };
		87EC8EFF239615740010F653 /* Revision1.app */ = {isa = PBXFileReference; explicitFileType = wrapper.application; includeInIndex = 0; path = Revision1.app; sourceTree = BUILT_PRODUCTS_DIR; };
		87EC8F02239615740010F653 /* AppDelegate.swift */ = {isa = PBXFileReference; lastKnownFileType = sourcecode.swift; path = AppDelegate.swift; sourceTree = "<group>"; };
		87EC8F04239615740010F653 /* SceneDelegate.swift */ = {isa = PBXFileReference; lastKnownFileType = sourcecode.swift; path = SceneDelegate.swift; sourceTree = "<group>"; };
		87EC8F06239615740010F653 /* ViewController.swift */ = {isa = PBXFileReference; lastKnownFileType = sourcecode.swift; path = ViewController.swift; sourceTree = "<group>"; };
		87EC8F09239615740010F653 /* Base */ = {isa = PBXFileReference; lastKnownFileType = file.storyboard; name = Base; path = Base.lproj/Main.storyboard; sourceTree = "<group>"; };
		87EC8F0C239615740010F653 /* Revision1.xcdatamodel */ = {isa = PBXFileReference; lastKnownFileType = wrapper.xcdatamodel; path = Revision1.xcdatamodel; sourceTree = "<group>"; };
		87EC8F0E239615740010F653 /* Assets.xcassets */ = {isa = PBXFileReference; lastKnownFileType = folder.assetcatalog; path = Assets.xcassets; sourceTree = "<group>"; };
		87EC8F11239615740010F653 /* Base */ = {isa = PBXFileReference; lastKnownFileType = file.storyboard; name = Base; path = Base.lproj/LaunchScreen.storyboard; sourceTree = "<group>"; };
		87EC8F13239615740010F653 /* Info.plist */ = {isa = PBXFileReference; lastKnownFileType = text.plist.xml; path = Info.plist; sourceTree = "<group>"; };
		87EC8F19239616A40010F653 /* Content.storyboard */ = {isa = PBXFileReference; lastKnownFileType = file.storyboard; path = Content.storyboard; sourceTree = "<group>"; };
/* End PBXFileReference section */

/* Begin PBXFrameworksBuildPhase section */
		87EC8EFC239615740010F653 /* Frameworks */ = {
			isa = PBXFrameworksBuildPhase;
			buildActionMask = 2147483647;
			files = (
			);
			runOnlyForDeploymentPostprocessing = 0;
		};
/* End PBXFrameworksBuildPhase section */

/* Begin PBXGroup section */
		87EC8EF6239615740010F653 = {
			isa = PBXGroup;
			children = (
				87EC8F01239615740010F653 /* Revision1 */,
				87EC8F00239615740010F653 /* Products */,
			);
			sourceTree = "<group>";
		};
		87EC8F00239615740010F653 /* Products */ = {
			isa = PBXGroup;
			children = (
				87EC8EFF239615740010F653 /* Revision1.app */,
			);
			name = Products;
			sourceTree = "<group>";
		};
		87EC8F01239615740010F653 /* Revision1 */ = {
			isa = PBXGroup;
			children = (
				87EC8F02239615740010F653 /* AppDelegate.swift */,
				87EC8F04239615740010F653 /* SceneDelegate.swift */,
				87EC8F06239615740010F653 /* ViewController.swift */,
				87EC8F08239615740010F653 /* Main.storyboard */,
				87EC8F0E239615740010F653 /* Assets.xcassets */,
				87EC8F10239615740010F653 /* LaunchScreen.storyboard */,
				87EC8F13239615740010F653 /* Info.plist */,
				87EC8F0B239615740010F653 /* Revision1.xcdatamodeld */,
				87EC8F19239616A40010F653 /* Content.storyboard */,
				87742F5B23962C0000AB62F8 /* Account.swift */,
				87742F5D23962D7F00AB62F8 /* ShowAccountViewController.swift */,
				8740D05F239793CB00EAE7F3 /* AccountController.swift */,
			);
			path = Revision1;
			sourceTree = "<group>";
		};
/* End PBXGroup section */

/* Begin PBXNativeTarget section */
		87EC8EFE239615740010F653 /* Revision1 */ = {
			isa = PBXNativeTarget;
			buildConfigurationList = 87EC8F16239615740010F653 /* Build configuration list for PBXNativeTarget "Revision1" */;
			buildPhases = (
				87EC8EFB239615740010F653 /* Sources */,
				87EC8EFC239615740010F653 /* Frameworks */,
				87EC8EFD239615740010F653 /* Resources */,
			);
			buildRules = (
			);
			dependencies = (
			);
			name = Revision1;
			productName = Revision1;
			productReference = 87EC8EFF239615740010F653 /* Revision1.app */;
			productType = "com.apple.product-type.application";
		};
/* End PBXNativeTarget section */

/* Begin PBXProject section */
		87EC8EF7239615740010F653 /* Project object */ = {
			isa = PBXProject;
			attributes = {
				LastSwiftUpdateCheck = 1100;
				LastUpgradeCheck = 1100;
				ORGANIZATIONNAME = MAD2_P02;
				TargetAttributes = {
					87EC8EFE239615740010F653 = {
						CreatedOnToolsVersion = 11.0;
					};
				};
			};
			buildConfigurationList = 87EC8EFA239615740010F653 /* Build configuration list for PBXProject "Revision1" */;
			compatibilityVersion = "Xcode 9.3";
			developmentRegion = en;
			hasScannedForEncodings = 0;
			knownRegions = (
				en,
				Base,
			);
			mainGroup = 87EC8EF6239615740010F653;
			productRefGroup = 87EC8F00239615740010F653 /* Products */;
			projectDirPath = "";
			projectRoot = "";
			targets = (
				87EC8EFE239615740010F653 /* Revision1 */,
			);
		};
/* End PBXProject section */

/* Begin PBXResourcesBuildPhase section */
		87EC8EFD239615740010F653 /* Resources */ = {
			isa = PBXResourcesBuildPhase;
			buildActionMask = 2147483647;
			files = (
				87EC8F1A239616A40010F653 /* Content.storyboard in Resources */,
				87EC8F12239615740010F653 /* LaunchScreen.storyboard in Resources */,
				87EC8F0F239615740010F653 /* Assets.xcassets in Resources */,
				87EC8F0A239615740010F653 /* Main.storyboard in Resources */,
			);
			runOnlyForDeploymentPostprocessing = 0;
		};
/* End PBXResourcesBuildPhase section */

/* Begin PBXSourcesBuildPhase section */
		87EC8EFB239615740010F653 /* Sources */ = {
			isa = PBXSourcesBuildPhase;
			buildActionMask = 2147483647;
			files = (
				8740D060239793CB00EAE7F3 /* AccountController.swift in Sources */,
				87742F5C23962C0000AB62F8 /* Account.swift in Sources */,
				87EC8F07239615740010F653 /* ViewController.swift in Sources */,
				87EC8F03239615740010F653 /* AppDelegate.swift in Sources */,
				87EC8F0D239615740010F653 /* Revision1.xcdatamodeld in Sources */,
				87EC8F05239615740010F653 /* SceneDelegate.swift in Sources */,
				87742F5E23962D7F00AB62F8 /* ShowAccountViewController.swift in Sources */,
			);
			runOnlyForDeploymentPostprocessing = 0;
		};
/* End PBXSourcesBuildPhase section */

/* Begin PBXVariantGroup section */
		87EC8F08239615740010F653 /* Main.storyboard */ = {
			isa = PBXVariantGroup;
			children = (
				87EC8F09239615740010F653 /* Base */,
			);
			name = Main.storyboard;
			sourceTree = "<group>";
		};
		87EC8F10239615740010F653 /* LaunchScreen.storyboard */ = {
			isa = PBXVariantGroup;
			children = (
				87EC8F11239615740010F653 /* Base */,
			);
			name = LaunchScreen.storyboard;
			sourceTree = "<group>";
		};
/* End PBXVariantGroup section */

/* Begin XCBuildConfiguration section */
		87EC8F14239615740010F653 /* Debug */ = {
			isa = XCBuildConfiguration;
			buildSettings = {
				ALWAYS_SEARCH_USER_PATHS = NO;
				CLANG_ANALYZER_NONNULL = YES;
				CLANG_ANALYZER_NUMBER_OBJECT_CONVERSION = YES_AGGRESSIVE;
				CLANG_CXX_LANGUAGE_STANDARD = "gnu++14";
				CLANG_CXX_LIBRARY = "libc++";
				CLANG_ENABLE_MODULES = YES;
				CLANG_ENABLE_OBJC_ARC = YES;
				CLANG_ENABLE_OBJC_WEAK = YES;
				CLANG_WARN_BLOCK_CAPTURE_AUTORELEASING = YES;
				CLANG_WARN_BOOL_CONVERSION = YES;
				CLANG_WARN_COMMA = YES;
				CLANG_WARN_CONSTANT_CONVERSION = YES;
				CLANG_WARN_DEPRECATED_OBJC_IMPLEMENTATIONS = YES;
				CLANG_WARN_DIRECT_OBJC_ISA_USAGE = YES_ERROR;
				CLANG_WARN_DOCUMENTATION_COMMENTS = YES;
				CLANG_WARN_EMPTY_BODY = YES;
				CLANG_WARN_ENUM_CONVERSION = YES;
				CLANG_WARN_INFINITE_RECURSION = YES;
				CLANG_WARN_INT_CONVERSION = YES;
				CLANG_WARN_NON_LITERAL_NULL_CONVERSION = YES;
				CLANG_WARN_OBJC_IMPLICIT_RETAIN_SELF = YES;
				CLANG_WARN_OBJC_LITERAL_CONVERSION = YES;
				CLANG_WARN_OBJC_ROOT_CLASS = YES_ERROR;
				CLANG_WARN_RANGE_LOOP_ANALYSIS = YES;
				CLANG_WARN_STRICT_PROTOTYPES = YES;
				CLANG_WARN_SUSPICIOUS_MOVE = YES;
				CLANG_WARN_UNGUARDED_AVAILABILITY = YES_AGGRESSIVE;
				CLANG_WARN_UNREACHABLE_CODE = YES;
				CLANG_WARN__DUPLICATE_METHOD_MATCH = YES;
				COPY_PHASE_STRIP = NO;
				DEBUG_INFORMATION_FORMAT = dwarf;
				ENABLE_STRICT_OBJC_MSGSEND = YES;
				ENABLE_TESTABILITY = YES;
				GCC_C_LANGUAGE_STANDARD = gnu11;
				GCC_DYNAMIC_NO_PIC = NO;
				GCC_NO_COMMON_BLOCKS = YES;
				GCC_OPTIMIZATION_LEVEL = 0;
				GCC_PREPROCESSOR_DEFINITIONS = (
					"DEBUG=1",
					"$(inherited)",
				);
				GCC_WARN_64_TO_32_BIT_CONVERSION = YES;
				GCC_WARN_ABOUT_RETURN_TYPE = YES_ERROR;
				GCC_WARN_UNDECLARED_SELECTOR = YES;
				GCC_WARN_UNINITIALIZED_AUTOS = YES_AGGRESSIVE;
				GCC_WARN_UNUSED_FUNCTION = YES;
				GCC_WARN_UNUSED_VARIABLE = YES;
				IPHONEOS_DEPLOYMENT_TARGET = 13.0;
				MTL_ENABLE_DEBUG_INFO = INCLUDE_SOURCE;
				MTL_FAST_MATH = YES;
				ONLY_ACTIVE_ARCH = YES;
				SDKROOT = iphoneos;
				SWIFT_ACTIVE_COMPILATION_CONDITIONS = DEBUG;
				SWIFT_OPTIMIZATION_LEVEL = "-Onone";
			};
			name = Debug;
		};
		87EC8F15239615740010F653 /* Release */ = {
			isa = XCBuildConfiguration;
			buildSettings = {
				ALWAYS_SEARCH_USER_PATHS = NO;
				CLANG_ANALYZER_NONNULL = YES;
				CLANG_ANALYZER_NUMBER_OBJECT_CONVERSION = YES_AGGRESSIVE;
				CLANG_CXX_LANGUAGE_STANDARD = "gnu++14";
				CLANG_CXX_LIBRARY = "libc++";
				CLANG_ENABLE_MODULES = YES;
				CLANG_ENABLE_OBJC_ARC = YES;
				CLANG_ENABLE_OBJC_WEAK = YES;
				CLANG_WARN_BLOCK_CAPTURE_AUTORELEASING = YES;
				CLANG_WARN_BOOL_CONVERSION = YES;
				CLANG_WARN_COMMA = YES;
				CLANG_WARN_CONSTANT_CONVERSION = YES;
				CLANG_WARN_DEPRECATED_OBJC_IMPLEMENTATIONS = YES;
				CLANG_WARN_DIRECT_OBJC_ISA_USAGE = YES_ERROR;
				CLANG_WARN_DOCUMENTATION_COMMENTS = YES;
				CLANG_WARN_EMPTY_BODY = YES;
				CLANG_WARN_ENUM_CONVERSION = YES;
				CLANG_WARN_INFINITE_RECURSION = YES;
				CLANG_WARN_INT_CONVERSION = YES;
				CLANG_WARN_NON_LITERAL_NULL_CONVERSION = YES;
				CLANG_WARN_OBJC_IMPLICIT_RETAIN_SELF = YES;
				CLANG_WARN_OBJC_LITERAL_CONVERSION = YES;
				CLANG_WARN_OBJC_ROOT_CLASS = YES_ERROR;
				CLANG_WARN_RANGE_LOOP_ANALYSIS = YES;
				CLANG_WARN_STRICT_PROTOTYPES = YES;
				CLANG_WARN_SUSPICIOUS_MOVE = YES;
				CLANG_WARN_UNGUARDED_AVAILABILITY = YES_AGGRESSIVE;
				CLANG_WARN_UNREACHABLE_CODE = YES;
				CLANG_WARN__DUPLICATE_METHOD_MATCH = YES;
				COPY_PHASE_STRIP = NO;
				DEBUG_INFORMATION_FORMAT = "dwarf-with-dsym";
				ENABLE_NS_ASSERTIONS = NO;
				ENABLE_STRICT_OBJC_MSGSEND = YES;
				GCC_C_LANGUAGE_STANDARD = gnu11;
				GCC_NO_COMMON_BLOCKS = YES;
				GCC_WARN_64_TO_32_BIT_CONVERSION = YES;
				GCC_WARN_ABOUT_RETURN_TYPE = YES_ERROR;
				GCC_WARN_UNDECLARED_SELECTOR = YES;
				GCC_WARN_UNINITIALIZED_AUTOS = YES_AGGRESSIVE;
				GCC_WARN_UNUSED_FUNCTION = YES;
				GCC_WARN_UNUSED_VARIABLE = YES;
				IPHONEOS_DEPLOYMENT_TARGET = 13.0;
				MTL_ENABLE_DEBUG_INFO = NO;
				MTL_FAST_MATH = YES;
				SDKROOT = iphoneos;
				SWIFT_COMPILATION_MODE = wholemodule;
				SWIFT_OPTIMIZATION_LEVEL = "-O";
				VALIDATE_PRODUCT = YES;
			};
			name = Release;
		};
		87EC8F17239615740010F653 /* Debug */ = {
			isa = XCBuildConfiguration;
			buildSettings = {
				ASSETCATALOG_COMPILER_APPICON_NAME = AppIcon;
				CODE_SIGN_STYLE = Automatic;
				INFOPLIST_FILE = Revision1/Info.plist;
				LD_RUNPATH_SEARCH_PATHS = (
					"$(inherited)",
					"@executable_path/Frameworks",
				);
				PRODUCT_BUNDLE_IDENTIFIER = "Wong-Kah-Wo.Revision1";
				PRODUCT_NAME = "$(TARGET_NAME)";
				SWIFT_VERSION = 5.0;
				TARGETED_DEVICE_FAMILY = "1,2";
			};
			name = Debug;
		};
		87EC8F18239615740010F653 /* Release */ = {
			isa = XCBuildConfiguration;
			buildSettings = {
				ASSETCATALOG_COMPILER_APPICON_NAME = AppIcon;
				CODE_SIGN_STYLE = Automatic;
				INFOPLIST_FILE = Revision1/Info.plist;
				LD_RUNPATH_SEARCH_PATHS = (
					"$(inherited)",
					"@executable_path/Frameworks",
				);
				PRODUCT_BUNDLE_IDENTIFIER = "Wong-Kah-Wo.Revision1";
				PRODUCT_NAME = "$(TARGET_NAME)";
				SWIFT_VERSION = 5.0;
				TARGETED_DEVICE_FAMILY = "1,2";
			};
			name = Release;
		};
/* End XCBuildConfiguration section */

/* Begin XCConfigurationList section */
		87EC8EFA239615740010F653 /* Build configuration list for PBXProject "Revision1" */ = {
			isa = XCConfigurationList;
			buildConfigurations = (
				87EC8F14239615740010F653 /* Debug */,
				87EC8F15239615740010F653 /* Release */,
			);
			defaultConfigurationIsVisible = 0;
			defaultConfigurationName = Release;
		};
		87EC8F16239615740010F653 /* Build configuration list for PBXNativeTarget "Revision1" */ = {
			isa = XCConfigurationList;
			buildConfigurations = (
				87EC8F17239615740010F653 /* Debug */,
				87EC8F18239615740010F653 /* Release */,
			);
			defaultConfigurationIsVisible = 0;
			defaultConfigurationName = Release;
		};
/* End XCConfigurationList section */

/* Begin XCVersionGroup section */
		87EC8F0B239615740010F653 /* Revision1.xcdatamodeld */ = {
			isa = XCVersionGroup;
			children = (
				87EC8F0C239615740010F653 /* Revision1.xcdatamodel */,
			);
			currentVersion = 87EC8F0C239615740010F653 /* Revision1.xcdatamodel */;
			path = Revision1.xcdatamodeld;
			sourceTree = "<group>";
			versionGroupType = wrapper.xcdatamodel;
		};
/* End XCVersionGroup section */
	};
	rootObject = 87EC8EF7239615740010F653 /* Project object */;
}
